
Microsoft Visual Studio Solution File, Format Version 12.00
# Visual Studio Version 16
VisualStudioVersion = 16.0.32929.386
MinimumVisualStudioVersion = 10.0.40219.1
Project("{9A19103F-16F7-4668-BE54-9A1E7A4F7556}") = "PreCompressStatic", "PreCompressStatic\PreCompressStatic.csproj", "{B7E0CCCF-7525-4336-B879-973FB1DD72FF}"
EndProject
Project("{FAE04EC0-301F-11D3-BF4B-00C04F79EFBC}") = "Example", "Example\Example.csproj", "{97608D31-4B4B-4341-B371-E056F38380BD}"
EndProject
Global
	GlobalSection(SolutionConfigurationPlatforms) = preSolution
		Debug|Any CPU = Debug|Any CPU
		Release|Any CPU = Release|Any CPU
	EndGlobalSection
	GlobalSection(ProjectConfigurationPlatforms) = postSolution
		{B7E0CCCF-7525-4336-B879-973FB1DD72FF}.Debug|Any CPU.ActiveCfg = Debug|Any CPU
		{B7E0CCCF-7525-4336-B879-973FB1DD72FF}.Debug|Any CPU.Build.0 = Debug|Any CPU
		{B7E0CCCF-7525-4336-B879-973FB1DD72FF}.Release|Any CPU.ActiveCfg = Release|Any CPU
		{B7E0CCCF-7525-4336-B879-973FB1DD72FF}.Release|Any CPU.Build.0 = Release|Any CPU
		{97608D31-4B4B-4341-B371-E056F38380BD}.Debug|Any CPU.ActiveCfg = Debug|Any CPU
		{97608D31-4B4B-4341-B371-E056F38380BD}.Debug|Any CPU.Build.0 = Debug|Any CPU
		{97608D31-4B4B-4341-B371-E056F38380BD}.Release|Any CPU.ActiveCfg = Release|Any CPU
		{97608D31-4B4B-4341-B371-E056F38380BD}.Release|Any CPU.Build.0 = Release|Any CPU
	EndGlobalSection
	GlobalSection(SolutionProperties) = preSolution
		HideSolutionNode = FALSE
	EndGlobalSection
	GlobalSection(ExtensibilityGlobals) = postSolution
		SolutionGuid = {620DB4EA-7701-4C3B-ACB2-D51CF4F1B917}
	EndGlobalSection
EndGlobal
